# This file is generated by running "yarn install" inside your project.
# Manual changes might be lost - proceed with caution!

__metadata:
  version: 8
  cacheKey: 10c0

"angular@npm:^1.8.3":
  version: 1.8.3
  resolution: "angular@npm:1.8.3"
  checksum: 10c0/dda28083a6a8624f73afc0d9f29ec2d36d8b4b2200698fd2cefe4f6a45cde5d0fe782035d06f142c446f749f690a498a37921a41520f98fe521d37aaaf6a3fd3
  languageName: node
  linkType: hard

"root-workspace-0b6124@workspace:.":
  version: 0.0.0-use.local
  resolution: "root-workspace-0b6124@workspace:."
  dependencies:
    angular: "npm:^1.8.3"
  languageName: unknown
  linkType: soft
